// !$*UTF8*$!
{
	archiveVersion = 1;
	classes = {
	};
	objectVersion = 46;
	objects = {

/* Begin PBXBuildFile section */
		E90BB0D4146E5D1F0095403F /* Logox512.icns in Resources */ = {isa = PBXBuildFile; fileRef = E90BB0D3146E5D1F0095403F /* Logox512.icns */; };
		E9A1E55C14532F9C00F7DFD7 /* OpenGL.framework in Frameworks */ = {isa = PBXBuildFile; fileRef = E9A1E55B14532F9B00F7DFD7 /* OpenGL.framework */; };
		E9A1E55E14532FA600F7DFD7 /* libz.dylib in Frameworks */ = {isa = PBXBuildFile; fileRef = E9A1E55D14532FA600F7DFD7 /* libz.dylib */; };
		E9A1E57714534D5000F7DFD7 /* BlueBall.png in Resources */ = {isa = PBXBuildFile; fileRef = E9A1E56014534D5000F7DFD7 /* BlueBall.png */; };
		E9C9D4BA14AB304400992920 /* AudioToolbox.framework in Frameworks */ = {isa = PBXBuildFile; fileRef = E9C9D4B914AB304400992920 /* AudioToolbox.framework */; };
		E9C9D4BC14AB304B00992920 /* OpenAL.framework in Frameworks */ = {isa = PBXBuildFile; fileRef = E9C9D4BB14AB304B00992920 /* OpenAL.framework */; };
		E9C9D4C014AB307700992920 /* Vinter2D.framework in Frameworks */ = {isa = PBXBuildFile; fileRef = E9C9D4BF14AB307700992920 /* Vinter2D.framework */; };
		E9D61F6A1452FAFA00CA134B /* Cocoa.framework in Frameworks */ = {isa = PBXBuildFile; fileRef = E9D61F691452FAFA00CA134B /* Cocoa.framework */; };
		E9D61F8F14530D8400CA134B /* AppDelegate.mm in Sources */ = {isa = PBXBuildFile; fileRef = E9D61F8814530D8400CA134B /* AppDelegate.mm */; };
		E9D61F9014530D8400CA134B /* MainMenu.xib in Resources */ = {isa = PBXBuildFile; fileRef = E9D61F8A14530D8400CA134B /* MainMenu.xib */; };
		E9D61F9114530D8400CA134B /* main.m in Sources */ = {isa = PBXBuildFile; fileRef = E9D61F8C14530D8400CA134B /* main.m */; };
/* End PBXBuildFile section */

/* Begin PBXFileReference section */
		E90BB0D3146E5D1F0095403F /* Logox512.icns */ = {isa = PBXFileReference; lastKnownFileType = image.icns; name = Logox512.icns; path = ../../../Resources/Logox512.icns; sourceTree = "<group>"; };
		E9A1E55B14532F9B00F7DFD7 /* OpenGL.framework */ = {isa = PBXFileReference; lastKnownFileType = wrapper.framework; name = OpenGL.framework; path = System/Library/Frameworks/OpenGL.framework; sourceTree = SDKROOT; };
		E9A1E55D14532FA600F7DFD7 /* libz.dylib */ = {isa = PBXFileReference; lastKnownFileType = "compiled.mach-o.dylib"; name = libz.dylib; path = usr/lib/libz.dylib; sourceTree = SDKROOT; };
		E9A1E56014534D5000F7DFD7 /* BlueBall.png */ = {isa = PBXFileReference; lastKnownFileType = image.png; name = BlueBall.png; path = ../../../Resources/BlueBall.png; sourceTree = "<group>"; };
		E9C9D4B914AB304400992920 /* AudioToolbox.framework */ = {isa = PBXFileReference; lastKnownFileType = wrapper.framework; name = AudioToolbox.framework; path = System/Library/Frameworks/AudioToolbox.framework; sourceTree = SDKROOT; };
		E9C9D4BB14AB304B00992920 /* OpenAL.framework */ = {isa = PBXFileReference; lastKnownFileType = wrapper.framework; name = OpenAL.framework; path = System/Library/Frameworks/OpenAL.framework; sourceTree = SDKROOT; };
		E9C9D4BF14AB307700992920 /* Vinter2D.framework */ = {isa = PBXFileReference; lastKnownFileType = wrapper.framework; name = Vinter2D.framework; path = "../../../../../../Library/Developer/Xcode/DerivedData/Vinter2D-fdnzrcdwhgeoiygwopcwnyynbgcg/Build/Products/Debug/Vinter2D.framework"; sourceTree = "<group>"; };
		E9D61F651452FAFA00CA134B /* Physics.app */ = {isa = PBXFileReference; explicitFileType = wrapper.application; includeInIndex = 0; path = Physics.app; sourceTree = BUILT_PRODUCTS_DIR; };
		E9D61F691452FAFA00CA134B /* Cocoa.framework */ = {isa = PBXFileReference; lastKnownFileType = wrapper.framework; name = Cocoa.framework; path = System/Library/Frameworks/Cocoa.framework; sourceTree = SDKROOT; };
		E9D61F6C1452FAFA00CA134B /* AppKit.framework */ = {isa = PBXFileReference; lastKnownFileType = wrapper.framework; name = AppKit.framework; path = System/Library/Frameworks/AppKit.framework; sourceTree = SDKROOT; };
		E9D61F6D1452FAFA00CA134B /* CoreData.framework */ = {isa = PBXFileReference; lastKnownFileType = wrapper.framework; name = CoreData.framework; path = System/Library/Frameworks/CoreData.framework; sourceTree = SDKROOT; };
		E9D61F6E1452FAFA00CA134B /* Foundation.framework */ = {isa = PBXFileReference; lastKnownFileType = wrapper.framework; name = Foundation.framework; path = System/Library/Frameworks/Foundation.framework; sourceTree = SDKROOT; };
		E9D61F8714530D8400CA134B /* AppDelegate.h */ = {isa = PBXFileReference; fileEncoding = 4; lastKnownFileType = sourcecode.c.h; path = AppDelegate.h; sourceTree = "<group>"; };
		E9D61F8814530D8400CA134B /* AppDelegate.mm */ = {isa = PBXFileReference; fileEncoding = 4; lastKnownFileType = sourcecode.cpp.objcpp; path = AppDelegate.mm; sourceTree = "<group>"; };
		E9D61F8A14530D8400CA134B /* MainMenu.xib */ = {isa = PBXFileReference; fileEncoding = 4; lastKnownFileType = file.xib; path = MainMenu.xib; sourceTree = "<group>"; };
		E9D61F8C14530D8400CA134B /* main.m */ = {isa = PBXFileReference; fileEncoding = 4; lastKnownFileType = sourcecode.c.objc; path = main.m; sourceTree = "<group>"; };
		E9D61F8D14530D8400CA134B /* Physics-Info.plist */ = {isa = PBXFileReference; fileEncoding = 4; lastKnownFileType = text.plist.xml; path = "Physics-Info.plist"; sourceTree = "<group>"; };
		E9D61F8E14530D8400CA134B /* Physics-Prefix.pch */ = {isa = PBXFileReference; fileEncoding = 4; lastKnownFileType = sourcecode.c.h; path = "Physics-Prefix.pch"; sourceTree = "<group>"; };
/* End PBXFileReference section */

/* Begin PBXFrameworksBuildPhase section */
		E9D61F621452FAFA00CA134B /* Frameworks */ = {
			isa = PBXFrameworksBuildPhase;
			buildActionMask = 2147483647;
			files = (
				E9C9D4BC14AB304B00992920 /* OpenAL.framework in Frameworks */,
				E9C9D4BA14AB304400992920 /* AudioToolbox.framework in Frameworks */,
				E9C9D4C014AB307700992920 /* Vinter2D.framework in Frameworks */,
				E9A1E55E14532FA600F7DFD7 /* libz.dylib in Frameworks */,
				E9A1E55C14532F9C00F7DFD7 /* OpenGL.framework in Frameworks */,
				E9D61F6A1452FAFA00CA134B /* Cocoa.framework in Frameworks */,
			);
			runOnlyForDeploymentPostprocessing = 0;
		};
/* End PBXFrameworksBuildPhase section */

/* Begin PBXGroup section */
		E9D61F5A1452FAF900CA134B = {
			isa = PBXGroup;
			children = (
				E9D61F8614530D8400CA134B /* Classes */,
				E9D61F8914530D8400CA134B /* Resources */,
				E9D61F8B14530D8400CA134B /* Supporting Files */,
				E9D61F681452FAFA00CA134B /* Frameworks */,
				E9D61F661452FAFA00CA134B /* Products */,
			);
			sourceTree = "<group>";
		};
		E9D61F661452FAFA00CA134B /* Products */ = {
			isa = PBXGroup;
			children = (
				E9D61F651452FAFA00CA134B /* Physics.app */,
			);
			name = Products;
			sourceTree = "<group>";
		};
		E9D61F681452FAFA00CA134B /* Frameworks */ = {
			isa = PBXGroup;
			children = (
				E9C9D4B914AB304400992920 /* AudioToolbox.framework */,
				E9D61F691452FAFA00CA134B /* Cocoa.framework */,
				E9C9D4BB14AB304B00992920 /* OpenAL.framework */,
				E9A1E55B14532F9B00F7DFD7 /* OpenGL.framework */,
				E9C9D4BF14AB307700992920 /* Vinter2D.framework */,
				E9A1E55D14532FA600F7DFD7 /* libz.dylib */,
				E9D61F6B1452FAFA00CA134B /* Other Frameworks */,
			);
			name = Frameworks;
			sourceTree = "<group>";
		};
		E9D61F6B1452FAFA00CA134B /* Other Frameworks */ = {
			isa = PBXGroup;
			children = (
				E9D61F6C1452FAFA00CA134B /* AppKit.framework */,
				E9D61F6D1452FAFA00CA134B /* CoreData.framework */,
				E9D61F6E1452FAFA00CA134B /* Foundation.framework */,
			);
			name = "Other Frameworks";
			sourceTree = "<group>";
		};
		E9D61F8614530D8400CA134B /* Classes */ = {
			isa = PBXGroup;
			children = (
				E9D61F8714530D8400CA134B /* AppDelegate.h */,
				E9D61F8814530D8400CA134B /* AppDelegate.mm */,
			);
			path = Classes;
			sourceTree = "<group>";
		};
		E9D61F8914530D8400CA134B /* Resources */ = {
			isa = PBXGroup;
			children = (
				E90BB0D3146E5D1F0095403F /* Logox512.icns */,
				E9A1E56014534D5000F7DFD7 /* BlueBall.png */,
				E9D61F8A14530D8400CA134B /* MainMenu.xib */,
			);
			path = Resources;
			sourceTree = "<group>";
		};
		E9D61F8B14530D8400CA134B /* Supporting Files */ = {
			isa = PBXGroup;
			children = (
				E9D61F8C14530D8400CA134B /* main.m */,
				E9D61F8D14530D8400CA134B /* Physics-Info.plist */,
				E9D61F8E14530D8400CA134B /* Physics-Prefix.pch */,
			);
			path = "Supporting Files";
			sourceTree = "<group>";
		};
/* End PBXGroup section */

/* Begin PBXNativeTarget section */
		E9D61F641452FAFA00CA134B /* Physics */ = {
			isa = PBXNativeTarget;
			buildConfigurationList = E9D61F831452FAFB00CA134B /* Build configuration list for PBXNativeTarget "Physics" */;
			buildPhases = (
				E9D61F611452FAFA00CA134B /* Sources */,
				E9D61F621452FAFA00CA134B /* Frameworks */,
				E9D61F631452FAFA00CA134B /* Resources */,
			);
			buildRules = (
			);
			dependencies = (
			);
			name = Physics;
			productName = Physics;
			productReference = E9D61F651452FAFA00CA134B /* Physics.app */;
			productType = "com.apple.product-type.application";
		};
/* End PBXNativeTarget section */

/* Begin PBXProject section */
		E9D61F5C1452FAF900CA134B /* Project object */ = {
			isa = PBXProject;
			attributes = {
				LastUpgradeCheck = 0430;
			};
			buildConfigurationList = E9D61F5F1452FAF900CA134B /* Build configuration list for PBXProject "Physics" */;
			compatibilityVersion = "Xcode 3.2";
			developmentRegion = English;
			hasScannedForEncodings = 0;
			knownRegions = (
				en,
			);
			mainGroup = E9D61F5A1452FAF900CA134B;
			productRefGroup = E9D61F661452FAFA00CA134B /* Products */;
			projectDirPath = "";
			projectRoot = "";
			targets = (
				E9D61F641452FAFA00CA134B /* Physics */,
			);
		};
/* End PBXProject section */

/* Begin PBXResourcesBuildPhase section */
		E9D61F631452FAFA00CA134B /* Resources */ = {
			isa = PBXResourcesBuildPhase;
			buildActionMask = 2147483647;
			files = (
				E9D61F9014530D8400CA134B /* MainMenu.xib in Resources */,
				E9A1E57714534D5000F7DFD7 /* BlueBall.png in Resources */,
				E90BB0D4146E5D1F0095403F /* Logox512.icns in Resources */,
			);
			runOnlyForDeploymentPostprocessing = 0;
		};
/* End PBXResourcesBuildPhase section */

/* Begin PBXSourcesBuildPhase section */
		E9D61F611452FAFA00CA134B /* Sources */ = {
			isa = PBXSourcesBuildPhase;
			buildActionMask = 2147483647;
			files = (
				E9D61F8F14530D8400CA134B /* AppDelegate.mm in Sources */,
				E9D61F9114530D8400CA134B /* main.m in Sources */,
			);
			runOnlyForDeploymentPostprocessing = 0;
		};
/* End PBXSourcesBuildPhase section */

/* Begin XCBuildConfiguration section */
		E9D61F811452FAFB00CA134B /* Debug */ = {
			isa = XCBuildConfiguration;
			buildSettings = {
				ALWAYS_SEARCH_USER_PATHS = NO;
				ARCHS = "$(ARCHS_STANDARD_64_BIT)";
				COPY_PHASE_STRIP = NO;
				GCC_C_LANGUAGE_STANDARD = gnu99;
				GCC_DYNAMIC_NO_PIC = NO;
				GCC_ENABLE_OBJC_EXCEPTIONS = YES;
				GCC_OPTIMIZATION_LEVEL = 0;
				GCC_PREPROCESSOR_DEFINITIONS = (
					"DEBUG=1",
					"$(inherited)",
				);
				GCC_SYMBOLS_PRIVATE_EXTERN = NO;
				GCC_VERSION = com.apple.compilers.llvm.clang.1_0;
				GCC_WARN_64_TO_32_BIT_CONVERSION = YES;
				GCC_WARN_ABOUT_MISSING_PROTOTYPES = YES;
				GCC_WARN_ABOUT_RETURN_TYPE = YES;
				GCC_WARN_UNUSED_VARIABLE = YES;
				MACOSX_DEPLOYMENT_TARGET = 10.7;
				ONLY_ACTIVE_ARCH = YES;
				SDKROOT = macosx;
			};
			name = Debug;
		};
		E9D61F821452FAFB00CA134B /* Release */ = {
			isa = XCBuildConfiguration;
			buildSettings = {
				ALWAYS_SEARCH_USER_PATHS = NO;
				ARCHS = "$(ARCHS_STANDARD_64_BIT)";
				COPY_PHASE_STRIP = YES;
				DEBUG_INFORMATION_FORMAT = "dwarf-with-dsym";
				GCC_C_LANGUAGE_STANDARD = gnu99;
				GCC_ENABLE_OBJC_EXCEPTIONS = YES;
				GCC_VERSION = com.apple.compilers.llvm.clang.1_0;
				GCC_WARN_64_TO_32_BIT_CONVERSION = YES;
				GCC_WARN_ABOUT_MISSING_PROTOTYPES = YES;
				GCC_WARN_ABOUT_RETURN_TYPE = YES;
				GCC_WARN_UNUSED_VARIABLE = YES;
				MACOSX_DEPLOYMENT_TARGET = 10.7;
				SDKROOT = macosx;
			};
			name = Release;
		};
		E9D61F841452FAFB00CA134B /* Debug */ = {
			isa = XCBuildConfiguration;
			buildSettings = {
				FRAMEWORK_SEARCH_PATHS = (
					"$(inherited)",
					"\"$(SRCROOT)/../../../../../../Library/Developer/Xcode/DerivedData/Vinter2D-fdnzrcdwhgeoiygwopcwnyynbgcg/Build/Products/Debug\"",
				);
				GCC_PRECOMPILE_PREFIX_HEADER = YES;
				GCC_PREFIX_HEADER = "Supporting Files/Physics-Prefix.pch";
				INFOPLIST_FILE = "Supporting Files/Physics-Info.plist";
				MACOSX_DEPLOYMENT_TARGET = 10.6;
				PRODUCT_NAME = "$(TARGET_NAME)";
				WRAPPER_EXTENSION = app;
			};
			name = Debug;
		};
		E9D61F851452FAFB00CA134B /* Release */ = {
			isa = XCBuildConfiguration;
			buildSettings = {
				FRAMEWORK_SEARCH_PATHS = (
					"$(inherited)",
					"\"$(SRCROOT)/../../../../../../Library/Developer/Xcode/DerivedData/Vinter2D-fdnzrcdwhgeoiygwopcwnyynbgcg/Build/Products/Debug\"",
				);
				GCC_PRECOMPILE_PREFIX_HEADER = YES;
				GCC_PREFIX_HEADER = "Supporting Files/Physics-Prefix.pch";
				INFOPLIST_FILE = "Supporting Files/Physics-Info.plist";
				MACOSX_DEPLOYMENT_TARGET = 10.6;
				PRODUCT_NAME = "$(TARGET_NAME)";
				WRAPPER_EXTENSION = app;
			};
			name = Release;
		};
/* End XCBuildConfiguration section */

/* Begin XCConfigurationList section */
		E9D61F5F1452FAF900CA134B /* Build configuration list for PBXProject "Physics" */ = {
			isa = XCConfigurationList;
			buildConfigurations = (
				E9D61F811452FAFB00CA134B /* Debug */,
				E9D61F821452FAFB00CA134B /* Release */,
			);
			defaultConfigurationIsVisible = 0;
			defaultConfigurationName = Release;
		};
		E9D61F831452FAFB00CA134B /* Build configuration list for PBXNativeTarget "Physics" */ = {
			isa = XCConfigurationList;
			buildConfigurations = (
				E9D61F841452FAFB00CA134B /* Debug */,
				E9D61F851452FAFB00CA134B /* Release */,
			);
			defaultConfigurationIsVisible = 0;
			defaultConfigurationName = Release;
		};
/* End XCConfigurationList section */
	};
	rootObject = E9D61F5C1452FAF900CA134B /* Project object */;
}
