// !$*UTF8*$!
{
	archiveVersion = 1;
	classes = {
	};
	objectVersion = 46;
	objects = {

/* Begin PBXBuildFile section */
		E90BB0D2146E5CE70095403F /* Logox512.icns in Resources */ = {isa = PBXBuildFile; fileRef = E90BB0D1146E5CE70095403F /* Logox512.icns */; };
		E91F0ECB146C055F00503058 /* Cocoa.framework in Frameworks */ = {isa = PBXBuildFile; fileRef = E91F0ECA146C055F00503058 /* Cocoa.framework */; };
		E91F0EF0146C05BE00503058 /* AppDelegate.mm in Sources */ = {isa = PBXBuildFile; fileRef = E91F0EE9146C05BE00503058 /* AppDelegate.mm */; };
		E91F0EF1146C05BE00503058 /* MainMenu.xib in Resources */ = {isa = PBXBuildFile; fileRef = E91F0EEB146C05BE00503058 /* MainMenu.xib */; };
		E91F0EF2146C05BE00503058 /* main.m in Sources */ = {isa = PBXBuildFile; fileRef = E91F0EED146C05BE00503058 /* main.m */; };
		E91F0FBC146C060100503058 /* OpenGL.framework in Frameworks */ = {isa = PBXBuildFile; fileRef = E91F0FBB146C060100503058 /* OpenGL.framework */; };
		E91F0FBE146C060D00503058 /* libz.dylib in Frameworks */ = {isa = PBXBuildFile; fileRef = E91F0FBD146C060D00503058 /* libz.dylib */; };
		E951BAE4146C96DE0045B30B /* Particle.png in Resources */ = {isa = PBXBuildFile; fileRef = E951BAE3146C96DE0045B30B /* Particle.png */; };
		E9C9D4C414AB30F100992920 /* Vinter2D.framework in Frameworks */ = {isa = PBXBuildFile; fileRef = E9C9D4C214AB30F100992920 /* Vinter2D.framework */; };
		E9C9D4C514AB30F100992920 /* AudioToolbox.framework in Frameworks */ = {isa = PBXBuildFile; fileRef = E9C9D4C314AB30F100992920 /* AudioToolbox.framework */; };
		E9C9D4C714AB30F700992920 /* OpenAL.framework in Frameworks */ = {isa = PBXBuildFile; fileRef = E9C9D4C614AB30F700992920 /* OpenAL.framework */; };
/* End PBXBuildFile section */

/* Begin PBXFileReference section */
		E90BB0D1146E5CE70095403F /* Logox512.icns */ = {isa = PBXFileReference; lastKnownFileType = image.icns; name = Logox512.icns; path = ../../../Resources/Logox512.icns; sourceTree = "<group>"; };
		E91F0EC6146C055F00503058 /* Particles.app */ = {isa = PBXFileReference; explicitFileType = wrapper.application; includeInIndex = 0; path = Particles.app; sourceTree = BUILT_PRODUCTS_DIR; };
		E91F0ECA146C055F00503058 /* Cocoa.framework */ = {isa = PBXFileReference; lastKnownFileType = wrapper.framework; name = Cocoa.framework; path = System/Library/Frameworks/Cocoa.framework; sourceTree = SDKROOT; };
		E91F0ECD146C055F00503058 /* AppKit.framework */ = {isa = PBXFileReference; lastKnownFileType = wrapper.framework; name = AppKit.framework; path = System/Library/Frameworks/AppKit.framework; sourceTree = SDKROOT; };
		E91F0ECE146C055F00503058 /* CoreData.framework */ = {isa = PBXFileReference; lastKnownFileType = wrapper.framework; name = CoreData.framework; path = System/Library/Frameworks/CoreData.framework; sourceTree = SDKROOT; };
		E91F0ECF146C055F00503058 /* Foundation.framework */ = {isa = PBXFileReference; lastKnownFileType = wrapper.framework; name = Foundation.framework; path = System/Library/Frameworks/Foundation.framework; sourceTree = SDKROOT; };
		E91F0EE8146C05BE00503058 /* AppDelegate.h */ = {isa = PBXFileReference; fileEncoding = 4; lastKnownFileType = sourcecode.c.h; path = AppDelegate.h; sourceTree = "<group>"; };
		E91F0EE9146C05BE00503058 /* AppDelegate.mm */ = {isa = PBXFileReference; fileEncoding = 4; lastKnownFileType = sourcecode.cpp.objcpp; path = AppDelegate.mm; sourceTree = "<group>"; };
		E91F0EEB146C05BE00503058 /* MainMenu.xib */ = {isa = PBXFileReference; fileEncoding = 4; lastKnownFileType = file.xib; path = MainMenu.xib; sourceTree = "<group>"; };
		E91F0EED146C05BE00503058 /* main.m */ = {isa = PBXFileReference; fileEncoding = 4; lastKnownFileType = sourcecode.c.objc; path = main.m; sourceTree = "<group>"; };
		E91F0EEE146C05BE00503058 /* Particles-Info.plist */ = {isa = PBXFileReference; fileEncoding = 4; lastKnownFileType = text.plist.xml; path = "Particles-Info.plist"; sourceTree = "<group>"; };
		E91F0EEF146C05BE00503058 /* Particles-Prefix.pch */ = {isa = PBXFileReference; fileEncoding = 4; lastKnownFileType = sourcecode.c.h; path = "Particles-Prefix.pch"; sourceTree = "<group>"; };
		E91F0FBB146C060100503058 /* OpenGL.framework */ = {isa = PBXFileReference; lastKnownFileType = wrapper.framework; name = OpenGL.framework; path = System/Library/Frameworks/OpenGL.framework; sourceTree = SDKROOT; };
		E91F0FBD146C060D00503058 /* libz.dylib */ = {isa = PBXFileReference; lastKnownFileType = "compiled.mach-o.dylib"; name = libz.dylib; path = usr/lib/libz.dylib; sourceTree = SDKROOT; };
		E951BAE3146C96DE0045B30B /* Particle.png */ = {isa = PBXFileReference; lastKnownFileType = image.png; name = Particle.png; path = ../../../Resources/Particle.png; sourceTree = "<group>"; };
		E9C9D4C214AB30F100992920 /* Vinter2D.framework */ = {isa = PBXFileReference; lastKnownFileType = wrapper.framework; name = Vinter2D.framework; path = "../../../../../../Library/Developer/Xcode/DerivedData/Vinter2D-fdnzrcdwhgeoiygwopcwnyynbgcg/Build/Products/Debug/Vinter2D.framework"; sourceTree = "<group>"; };
		E9C9D4C314AB30F100992920 /* AudioToolbox.framework */ = {isa = PBXFileReference; lastKnownFileType = wrapper.framework; name = AudioToolbox.framework; path = System/Library/Frameworks/AudioToolbox.framework; sourceTree = SDKROOT; };
		E9C9D4C614AB30F700992920 /* OpenAL.framework */ = {isa = PBXFileReference; lastKnownFileType = wrapper.framework; name = OpenAL.framework; path = System/Library/Frameworks/OpenAL.framework; sourceTree = SDKROOT; };
/* End PBXFileReference section */

/* Begin PBXFrameworksBuildPhase section */
		E91F0EC3146C055F00503058 /* Frameworks */ = {
			isa = PBXFrameworksBuildPhase;
			buildActionMask = 2147483647;
			files = (
				E9C9D4C714AB30F700992920 /* OpenAL.framework in Frameworks */,
				E9C9D4C414AB30F100992920 /* Vinter2D.framework in Frameworks */,
				E9C9D4C514AB30F100992920 /* AudioToolbox.framework in Frameworks */,
				E91F0FBE146C060D00503058 /* libz.dylib in Frameworks */,
				E91F0FBC146C060100503058 /* OpenGL.framework in Frameworks */,
				E91F0ECB146C055F00503058 /* Cocoa.framework in Frameworks */,
			);
			runOnlyForDeploymentPostprocessing = 0;
		};
/* End PBXFrameworksBuildPhase section */

/* Begin PBXGroup section */
		E91F0EBB146C055E00503058 = {
			isa = PBXGroup;
			children = (
				E91F0EE7146C05BE00503058 /* Classes */,
				E91F0EEA146C05BE00503058 /* Resources */,
				E91F0EEC146C05BE00503058 /* Supporting files */,
				E91F0EC9146C055F00503058 /* Frameworks */,
				E91F0EC7146C055F00503058 /* Products */,
			);
			sourceTree = "<group>";
		};
		E91F0EC7146C055F00503058 /* Products */ = {
			isa = PBXGroup;
			children = (
				E91F0EC6146C055F00503058 /* Particles.app */,
			);
			name = Products;
			sourceTree = "<group>";
		};
		E91F0EC9146C055F00503058 /* Frameworks */ = {
			isa = PBXGroup;
			children = (
				E9C9D4C314AB30F100992920 /* AudioToolbox.framework */,
				E91F0ECA146C055F00503058 /* Cocoa.framework */,
				E9C9D4C614AB30F700992920 /* OpenAL.framework */,
				E91F0FBB146C060100503058 /* OpenGL.framework */,
				E9C9D4C214AB30F100992920 /* Vinter2D.framework */,
				E91F0FBD146C060D00503058 /* libz.dylib */,
				E91F0ECC146C055F00503058 /* Other Frameworks */,
			);
			name = Frameworks;
			sourceTree = "<group>";
		};
		E91F0ECC146C055F00503058 /* Other Frameworks */ = {
			isa = PBXGroup;
			children = (
				E91F0ECD146C055F00503058 /* AppKit.framework */,
				E91F0ECE146C055F00503058 /* CoreData.framework */,
				E91F0ECF146C055F00503058 /* Foundation.framework */,
			);
			name = "Other Frameworks";
			sourceTree = "<group>";
		};
		E91F0EE7146C05BE00503058 /* Classes */ = {
			isa = PBXGroup;
			children = (
				E91F0EE8146C05BE00503058 /* AppDelegate.h */,
				E91F0EE9146C05BE00503058 /* AppDelegate.mm */,
			);
			path = Classes;
			sourceTree = "<group>";
		};
		E91F0EEA146C05BE00503058 /* Resources */ = {
			isa = PBXGroup;
			children = (
				E90BB0D1146E5CE70095403F /* Logox512.icns */,
				E951BAE3146C96DE0045B30B /* Particle.png */,
				E91F0EEB146C05BE00503058 /* MainMenu.xib */,
			);
			path = Resources;
			sourceTree = "<group>";
		};
		E91F0EEC146C05BE00503058 /* Supporting files */ = {
			isa = PBXGroup;
			children = (
				E91F0EED146C05BE00503058 /* main.m */,
				E91F0EEE146C05BE00503058 /* Particles-Info.plist */,
				E91F0EEF146C05BE00503058 /* Particles-Prefix.pch */,
			);
			path = "Supporting files";
			sourceTree = "<group>";
		};
/* End PBXGroup section */

/* Begin PBXNativeTarget section */
		E91F0EC5146C055F00503058 /* Particles */ = {
			isa = PBXNativeTarget;
			buildConfigurationList = E91F0EE4146C055F00503058 /* Build configuration list for PBXNativeTarget "Particles" */;
			buildPhases = (
				E91F0EC2146C055F00503058 /* Sources */,
				E91F0EC3146C055F00503058 /* Frameworks */,
				E91F0EC4146C055F00503058 /* Resources */,
			);
			buildRules = (
			);
			dependencies = (
			);
			name = Particles;
			productName = Particles;
			productReference = E91F0EC6146C055F00503058 /* Particles.app */;
			productType = "com.apple.product-type.application";
		};
/* End PBXNativeTarget section */

/* Begin PBXProject section */
		E91F0EBD146C055E00503058 /* Project object */ = {
			isa = PBXProject;
			attributes = {
				LastUpgradeCheck = 0430;
			};
			buildConfigurationList = E91F0EC0146C055E00503058 /* Build configuration list for PBXProject "Particles" */;
			compatibilityVersion = "Xcode 3.2";
			developmentRegion = English;
			hasScannedForEncodings = 0;
			knownRegions = (
				en,
			);
			mainGroup = E91F0EBB146C055E00503058;
			productRefGroup = E91F0EC7146C055F00503058 /* Products */;
			projectDirPath = "";
			projectRoot = "";
			targets = (
				E91F0EC5146C055F00503058 /* Particles */,
			);
		};
/* End PBXProject section */

/* Begin PBXResourcesBuildPhase section */
		E91F0EC4146C055F00503058 /* Resources */ = {
			isa = PBXResourcesBuildPhase;
			buildActionMask = 2147483647;
			files = (
				E91F0EF1146C05BE00503058 /* MainMenu.xib in Resources */,
				E951BAE4146C96DE0045B30B /* Particle.png in Resources */,
				E90BB0D2146E5CE70095403F /* Logox512.icns in Resources */,
			);
			runOnlyForDeploymentPostprocessing = 0;
		};
/* End PBXResourcesBuildPhase section */

/* Begin PBXSourcesBuildPhase section */
		E91F0EC2146C055F00503058 /* Sources */ = {
			isa = PBXSourcesBuildPhase;
			buildActionMask = 2147483647;
			files = (
				E91F0EF0146C05BE00503058 /* AppDelegate.mm in Sources */,
				E91F0EF2146C05BE00503058 /* main.m in Sources */,
			);
			runOnlyForDeploymentPostprocessing = 0;
		};
/* End PBXSourcesBuildPhase section */

/* Begin XCBuildConfiguration section */
		E91F0EE2146C055F00503058 /* Debug */ = {
			isa = XCBuildConfiguration;
			buildSettings = {
				ALWAYS_SEARCH_USER_PATHS = NO;
				ARCHS = "$(ARCHS_STANDARD_64_BIT)";
				COPY_PHASE_STRIP = NO;
				GCC_C_LANGUAGE_STANDARD = gnu99;
				GCC_DYNAMIC_NO_PIC = NO;
				GCC_ENABLE_OBJC_EXCEPTIONS = YES;
				GCC_OPTIMIZATION_LEVEL = 0;
				GCC_PREPROCESSOR_DEFINITIONS = (
					"DEBUG=1",
					"$(inherited)",
				);
				GCC_SYMBOLS_PRIVATE_EXTERN = NO;
				GCC_VERSION = com.apple.compilers.llvm.clang.1_0;
				GCC_WARN_64_TO_32_BIT_CONVERSION = YES;
				GCC_WARN_ABOUT_MISSING_PROTOTYPES = YES;
				GCC_WARN_ABOUT_RETURN_TYPE = YES;
				GCC_WARN_UNUSED_VARIABLE = YES;
				MACOSX_DEPLOYMENT_TARGET = 10.7;
				ONLY_ACTIVE_ARCH = YES;
				SDKROOT = macosx;
			};
			name = Debug;
		};
		E91F0EE3146C055F00503058 /* Release */ = {
			isa = XCBuildConfiguration;
			buildSettings = {
				ALWAYS_SEARCH_USER_PATHS = NO;
				ARCHS = "$(ARCHS_STANDARD_64_BIT)";
				COPY_PHASE_STRIP = YES;
				DEBUG_INFORMATION_FORMAT = "dwarf-with-dsym";
				GCC_C_LANGUAGE_STANDARD = gnu99;
				GCC_ENABLE_OBJC_EXCEPTIONS = YES;
				GCC_VERSION = com.apple.compilers.llvm.clang.1_0;
				GCC_WARN_64_TO_32_BIT_CONVERSION = YES;
				GCC_WARN_ABOUT_MISSING_PROTOTYPES = YES;
				GCC_WARN_ABOUT_RETURN_TYPE = YES;
				GCC_WARN_UNUSED_VARIABLE = YES;
				MACOSX_DEPLOYMENT_TARGET = 10.7;
				SDKROOT = macosx;
			};
			name = Release;
		};
		E91F0EE5146C055F00503058 /* Debug */ = {
			isa = XCBuildConfiguration;
			buildSettings = {
				FRAMEWORK_SEARCH_PATHS = (
					"$(inherited)",
					"\"$(SRCROOT)/../../../../../../Library/Developer/Xcode/DerivedData/Vinter2D-fdnzrcdwhgeoiygwopcwnyynbgcg/Build/Products/Debug\"",
				);
				GCC_PRECOMPILE_PREFIX_HEADER = YES;
				GCC_PREFIX_HEADER = "Supporting files/Particles-Prefix.pch";
				INFOPLIST_FILE = "Supporting files/Particles-Info.plist";
				MACOSX_DEPLOYMENT_TARGET = 10.6;
				PRODUCT_NAME = "$(TARGET_NAME)";
				WRAPPER_EXTENSION = app;
			};
			name = Debug;
		};
		E91F0EE6146C055F00503058 /* Release */ = {
			isa = XCBuildConfiguration;
			buildSettings = {
				FRAMEWORK_SEARCH_PATHS = (
					"$(inherited)",
					"\"$(SRCROOT)/../../../../../../Library/Developer/Xcode/DerivedData/Vinter2D-fdnzrcdwhgeoiygwopcwnyynbgcg/Build/Products/Debug\"",
				);
				GCC_PRECOMPILE_PREFIX_HEADER = YES;
				GCC_PREFIX_HEADER = "Supporting files/Particles-Prefix.pch";
				INFOPLIST_FILE = "Supporting files/Particles-Info.plist";
				MACOSX_DEPLOYMENT_TARGET = 10.6;
				PRODUCT_NAME = "$(TARGET_NAME)";
				WRAPPER_EXTENSION = app;
			};
			name = Release;
		};
/* End XCBuildConfiguration section */

/* Begin XCConfigurationList section */
		E91F0EC0146C055E00503058 /* Build configuration list for PBXProject "Particles" */ = {
			isa = XCConfigurationList;
			buildConfigurations = (
				E91F0EE2146C055F00503058 /* Debug */,
				E91F0EE3146C055F00503058 /* Release */,
			);
			defaultConfigurationIsVisible = 0;
			defaultConfigurationName = Release;
		};
		E91F0EE4146C055F00503058 /* Build configuration list for PBXNativeTarget "Particles" */ = {
			isa = XCConfigurationList;
			buildConfigurations = (
				E91F0EE5146C055F00503058 /* Debug */,
				E91F0EE6146C055F00503058 /* Release */,
			);
			defaultConfigurationIsVisible = 0;
			defaultConfigurationName = Release;
		};
/* End XCConfigurationList section */
	};
	rootObject = E91F0EBD146C055E00503058 /* Project object */;
}
